schema: '2.0'
stages:
  data_ingestion:
    cmd: python src/deepClassifier/pipeline/stage_01_data_ingestion.py
    deps:
    - path: configs/config.yaml
      hash: md5
      md5: 2023e147c483486f11dbb6d7c49bfe47
      size: 989
    - path: src/deepClassifier/pipeline/stage_01_data_ingestion.py
      hash: md5
      md5: cc62c8c5edfb0f56a5e9b13eb405e78d
      size: 700
    outs:
    - path: artifacts/data_ingestion/PetImages
      hash: md5
      md5: 3a5cf86541f22c236620ce5b952ad684.dir
      size: 848866410
      nfiles: 24998
  prepare_base_model:
    cmd: python src/deepClassifier/pipeline/stage_02_prepare_base_model.py
    deps:
    - path: configs/config.yaml
      hash: md5
      md5: 2023e147c483486f11dbb6d7c49bfe47
      size: 989
    - path: src/deepClassifier/pipeline/stage_02_prepare_base_model.py
      hash: md5
      md5: a127a749a7290062f9aadd83039b5c11
      size: 775
    params:
      params.yaml:
        CLASSES: 2
        IMAGE_SIZE:
        - 224
        - 224
        - 3
        INCLUDE_TOP: false
        LEARNING_RATE: 0.01
        WEIGHTS: imagenet
    outs:
    - path: artifacts/prepare_base_model
      hash: md5
      md5: e63446fb133e9b35d7c8052763ef5e81.dir
      size: 118053368
      nfiles: 2
  training:
    cmd: python src/deepClassifier/pipeline/stage_03_training.py
    deps:
    - path: artifacts/data_ingestion/PetImages
      hash: md5
      md5: 3a5cf86541f22c236620ce5b952ad684.dir
      size: 848866410
      nfiles: 24998
    - path: artifacts/prepare_base_model
      hash: md5
      md5: e63446fb133e9b35d7c8052763ef5e81.dir
      size: 118053368
      nfiles: 2
    - path: configs/config.yaml
      hash: md5
      md5: 2023e147c483486f11dbb6d7c49bfe47
      size: 989
    - path: src/deepClassifier/components/prepare_callback.py
      hash: md5
      md5: 20d5c638dca7fe3922ad543d0094b10f
      size: 844
    - path: src/deepClassifier/pipeline/stage_03_training.py
      hash: md5
      md5: 44ba8ff613b6145335eef61c7c5c7e99
      size: 962
    params:
      params.yaml:
        AUGMENTATION: true
        BATCH_SIZE: 16
        EPOCHS: 5
        IMAGE_SIZE:
        - 224
        - 224
        - 3
    outs:
    - path: artifacts/training/model.h5
      hash: md5
      md5: dc9db0b4572dba0376ff8ff587611281
      size: 59135136
  evaluation:
    cmd: python src/deepClassifier/pipeline/stage_04_evaluation.py
    deps:
    - path: artifacts/data_ingestion/PetImages
      hash: md5
      md5: 3a5cf86541f22c236620ce5b952ad684.dir
      size: 848866410
      nfiles: 24998
    - path: artifacts/training/model.h5
      hash: md5
      md5: dc9db0b4572dba0376ff8ff587611281
      size: 59135136
    - path: configs/config.yaml
      hash: md5
      md5: 2023e147c483486f11dbb6d7c49bfe47
      size: 989
    - path: src/deepClassifier/pipeline/stage_04_evaluation.py
      hash: md5
      md5: 582e6c2d6f9889428a30fca8da77be13
      size: 965
    params:
      params.yaml:
        BATCH_SIZE: 16
        IMAGE_SIZE:
        - 224
        - 224
        - 3
    outs:
    - path: scores.json
      hash: md5
      md5: 2fc61eb19ab9cef33fa7712f2140794c
      size: 73
